
Microsoft Visual Studio Solution File, Format Version 12.00
# Visual Studio Version 16
VisualStudioVersion = 16.0.29709.97
MinimumVisualStudioVersion = 10.0.40219.1
Project("{9A19103F-16F7-4668-BE54-9A1E7A4F7556}") = "MyVet.Common", "MyVet.Common\MyVet.Common.csproj", "{2D49717B-DEF0-4D14-AB9E-993FCDDB3537}"
EndProject
Project("{9A19103F-16F7-4668-BE54-9A1E7A4F7556}") = "MyVet.Web", "MyVet.Web\MyVet.Web.csproj", "{E993FD0F-14AE-4541-967E-7F27E9067100}"
EndProject
Project("{FAE04EC0-301F-11D3-BF4B-00C04F79EFBC}") = "MyVet.Prism", "MyVet.Prism\MyVet.Prism\MyVet.Prism.csproj", "{9AE9E1BB-2CF6-4216-85E9-257BA8B31EFC}"
EndProject
Project("{FAE04EC0-301F-11D3-BF4B-00C04F79EFBC}") = "MyVet.Prism.Android", "MyVet.Prism\MyVet.Prism.Android\MyVet.Prism.Android.csproj", "{34721F80-46A9-44A6-997E-9C9013F31F6C}"
EndProject
Project("{FAE04EC0-301F-11D3-BF4B-00C04F79EFBC}") = "MyVet.Prism.iOS", "MyVet.Prism\MyVet.Prism.iOS\MyVet.Prism.iOS.csproj", "{83AB34E4-60F5-4C0C-BA83-D244A51CE938}"
EndProject
Global
	GlobalSection(SolutionConfigurationPlatforms) = preSolution
		Ad-Hoc|Any CPU = Ad-Hoc|Any CPU
		Ad-Hoc|iPhone = Ad-Hoc|iPhone
		Ad-Hoc|iPhoneSimulator = Ad-Hoc|iPhoneSimulator
		AppStore|Any CPU = AppStore|Any CPU
		AppStore|iPhone = AppStore|iPhone
		AppStore|iPhoneSimulator = AppStore|iPhoneSimulator
		Debug|Any CPU = Debug|Any CPU
		Debug|iPhone = Debug|iPhone
		Debug|iPhoneSimulator = Debug|iPhoneSimulator
		Release|Any CPU = Release|Any CPU
		Release|iPhone = Release|iPhone
		Release|iPhoneSimulator = Release|iPhoneSimulator
	EndGlobalSection
	GlobalSection(ProjectConfigurationPlatforms) = postSolution
		{2D49717B-DEF0-4D14-AB9E-993FCDDB3537}.Ad-Hoc|Any CPU.ActiveCfg = Release|Any CPU
		{2D49717B-DEF0-4D14-AB9E-993FCDDB3537}.Ad-Hoc|Any CPU.Build.0 = Release|Any CPU
		{2D49717B-DEF0-4D14-AB9E-993FCDDB3537}.Ad-Hoc|iPhone.ActiveCfg = Release|Any CPU
		{2D49717B-DEF0-4D14-AB9E-993FCDDB3537}.Ad-Hoc|iPhone.Build.0 = Release|Any CPU
		{2D49717B-DEF0-4D14-AB9E-993FCDDB3537}.Ad-Hoc|iPhoneSimulator.ActiveCfg = Release|Any CPU
		{2D49717B-DEF0-4D14-AB9E-993FCDDB3537}.Ad-Hoc|iPhoneSimulator.Build.0 = Release|Any CPU
		{2D49717B-DEF0-4D14-AB9E-993FCDDB3537}.AppStore|Any CPU.ActiveCfg = Release|Any CPU
		{2D49717B-DEF0-4D14-AB9E-993FCDDB3537}.AppStore|Any CPU.Build.0 = Release|Any CPU
		{2D49717B-DEF0-4D14-AB9E-993FCDDB3537}.AppStore|iPhone.ActiveCfg = Release|Any CPU
		{2D49717B-DEF0-4D14-AB9E-993FCDDB3537}.AppStore|iPhone.Build.0 = Release|Any CPU
		{2D49717B-DEF0-4D14-AB9E-993FCDDB3537}.AppStore|iPhoneSimulator.ActiveCfg = Release|Any CPU
		{2D49717B-DEF0-4D14-AB9E-993FCDDB3537}.AppStore|iPhoneSimulator.Build.0 = Release|Any CPU
		{2D49717B-DEF0-4D14-AB9E-993FCDDB3537}.Debug|Any CPU.ActiveCfg = Debug|Any CPU
		{2D49717B-DEF0-4D14-AB9E-993FCDDB3537}.Debug|Any CPU.Build.0 = Debug|Any CPU
		{2D49717B-DEF0-4D14-AB9E-993FCDDB3537}.Debug|iPhone.ActiveCfg = Debug|Any CPU
		{2D49717B-DEF0-4D14-AB9E-993FCDDB3537}.Debug|iPhone.Build.0 = Debug|Any CPU
		{2D49717B-DEF0-4D14-AB9E-993FCDDB3537}.Debug|iPhoneSimulator.ActiveCfg = Debug|Any CPU
		{2D49717B-DEF0-4D14-AB9E-993FCDDB3537}.Debug|iPhoneSimulator.Build.0 = Debug|Any CPU
		{2D49717B-DEF0-4D14-AB9E-993FCDDB3537}.Release|Any CPU.ActiveCfg = Release|Any CPU
		{2D49717B-DEF0-4D14-AB9E-993FCDDB3537}.Release|Any CPU.Build.0 = Release|Any CPU
		{2D49717B-DEF0-4D14-AB9E-993FCDDB3537}.Release|iPhone.ActiveCfg = Release|Any CPU
		{2D49717B-DEF0-4D14-AB9E-993FCDDB3537}.Release|iPhone.Build.0 = Release|Any CPU
		{2D49717B-DEF0-4D14-AB9E-993FCDDB3537}.Release|iPhoneSimulator.ActiveCfg = Release|Any CPU
		{2D49717B-DEF0-4D14-AB9E-993FCDDB3537}.Release|iPhoneSimulator.Build.0 = Release|Any CPU
		{E993FD0F-14AE-4541-967E-7F27E9067100}.Ad-Hoc|Any CPU.ActiveCfg = Release|Any CPU
		{E993FD0F-14AE-4541-967E-7F27E9067100}.Ad-Hoc|Any CPU.Build.0 = Release|Any CPU
		{E993FD0F-14AE-4541-967E-7F27E9067100}.Ad-Hoc|iPhone.ActiveCfg = Release|Any CPU
		{E993FD0F-14AE-4541-967E-7F27E9067100}.Ad-Hoc|iPhone.Build.0 = Release|Any CPU
		{E993FD0F-14AE-4541-967E-7F27E9067100}.Ad-Hoc|iPhoneSimulator.ActiveCfg = Release|Any CPU
		{E993FD0F-14AE-4541-967E-7F27E9067100}.Ad-Hoc|iPhoneSimulator.Build.0 = Release|Any CPU
		{E993FD0F-14AE-4541-967E-7F27E9067100}.AppStore|Any CPU.ActiveCfg = Release|Any CPU
		{E993FD0F-14AE-4541-967E-7F27E9067100}.AppStore|Any CPU.Build.0 = Release|Any CPU
		{E993FD0F-14AE-4541-967E-7F27E9067100}.AppStore|iPhone.ActiveCfg = Release|Any CPU
		{E993FD0F-14AE-4541-967E-7F27E9067100}.AppStore|iPhone.Build.0 = Release|Any CPU
		{E993FD0F-14AE-4541-967E-7F27E9067100}.AppStore|iPhoneSimulator.ActiveCfg = Release|Any CPU
		{E993FD0F-14AE-4541-967E-7F27E9067100}.AppStore|iPhoneSimulator.Build.0 = Release|Any CPU
		{E993FD0F-14AE-4541-967E-7F27E9067100}.Debug|Any CPU.ActiveCfg = Debug|Any CPU
		{E993FD0F-14AE-4541-967E-7F27E9067100}.Debug|Any CPU.Build.0 = Debug|Any CPU
		{E993FD0F-14AE-4541-967E-7F27E9067100}.Debug|iPhone.ActiveCfg = Debug|Any CPU
		{E993FD0F-14AE-4541-967E-7F27E9067100}.Debug|iPhone.Build.0 = Debug|Any CPU
		{E993FD0F-14AE-4541-967E-7F27E9067100}.Debug|iPhoneSimulator.ActiveCfg = Debug|Any CPU
		{E993FD0F-14AE-4541-967E-7F27E9067100}.Debug|iPhoneSimulator.Build.0 = Debug|Any CPU
		{E993FD0F-14AE-4541-967E-7F27E9067100}.Release|Any CPU.ActiveCfg = Release|Any CPU
		{E993FD0F-14AE-4541-967E-7F27E9067100}.Release|Any CPU.Build.0 = Release|Any CPU
		{E993FD0F-14AE-4541-967E-7F27E9067100}.Release|iPhone.ActiveCfg = Release|Any CPU
		{E993FD0F-14AE-4541-967E-7F27E9067100}.Release|iPhone.Build.0 = Release|Any CPU
		{E993FD0F-14AE-4541-967E-7F27E9067100}.Release|iPhoneSimulator.ActiveCfg = Release|Any CPU
		{E993FD0F-14AE-4541-967E-7F27E9067100}.Release|iPhoneSimulator.Build.0 = Release|Any CPU
		{9AE9E1BB-2CF6-4216-85E9-257BA8B31EFC}.Ad-Hoc|Any CPU.ActiveCfg = Debug|Any CPU
		{9AE9E1BB-2CF6-4216-85E9-257BA8B31EFC}.Ad-Hoc|Any CPU.Build.0 = Debug|Any CPU
		{9AE9E1BB-2CF6-4216-85E9-257BA8B31EFC}.Ad-Hoc|iPhone.ActiveCfg = Debug|Any CPU
		{9AE9E1BB-2CF6-4216-85E9-257BA8B31EFC}.Ad-Hoc|iPhone.Build.0 = Debug|Any CPU
		{9AE9E1BB-2CF6-4216-85E9-257BA8B31EFC}.Ad-Hoc|iPhoneSimulator.ActiveCfg = Debug|Any CPU
		{9AE9E1BB-2CF6-4216-85E9-257BA8B31EFC}.Ad-Hoc|iPhoneSimulator.Build.0 = Debug|Any CPU
		{9AE9E1BB-2CF6-4216-85E9-257BA8B31EFC}.AppStore|Any CPU.ActiveCfg = Debug|Any CPU
		{9AE9E1BB-2CF6-4216-85E9-257BA8B31EFC}.AppStore|Any CPU.Build.0 = Debug|Any CPU
		{9AE9E1BB-2CF6-4216-85E9-257BA8B31EFC}.AppStore|iPhone.ActiveCfg = Debug|Any CPU
		{9AE9E1BB-2CF6-4216-85E9-257BA8B31EFC}.AppStore|iPhone.Build.0 = Debug|Any CPU
		{9AE9E1BB-2CF6-4216-85E9-257BA8B31EFC}.AppStore|iPhoneSimulator.ActiveCfg = Debug|Any CPU
		{9AE9E1BB-2CF6-4216-85E9-257BA8B31EFC}.AppStore|iPhoneSimulator.Build.0 = Debug|Any CPU
		{9AE9E1BB-2CF6-4216-85E9-257BA8B31EFC}.Debug|Any CPU.ActiveCfg = Debug|Any CPU
		{9AE9E1BB-2CF6-4216-85E9-257BA8B31EFC}.Debug|Any CPU.Build.0 = Debug|Any CPU
		{9AE9E1BB-2CF6-4216-85E9-257BA8B31EFC}.Debug|iPhone.ActiveCfg = Debug|Any CPU
		{9AE9E1BB-2CF6-4216-85E9-257BA8B31EFC}.Debug|iPhone.Build.0 = Debug|Any CPU
		{9AE9E1BB-2CF6-4216-85E9-257BA8B31EFC}.Debug|iPhoneSimulator.ActiveCfg = Debug|Any CPU
		{9AE9E1BB-2CF6-4216-85E9-257BA8B31EFC}.Debug|iPhoneSimulator.Build.0 = Debug|Any CPU
		{9AE9E1BB-2CF6-4216-85E9-257BA8B31EFC}.Release|Any CPU.ActiveCfg = Release|Any CPU
		{9AE9E1BB-2CF6-4216-85E9-257BA8B31EFC}.Release|Any CPU.Build.0 = Release|Any CPU
		{9AE9E1BB-2CF6-4216-85E9-257BA8B31EFC}.Release|iPhone.ActiveCfg = Release|Any CPU
		{9AE9E1BB-2CF6-4216-85E9-257BA8B31EFC}.Release|iPhone.Build.0 = Release|Any CPU
		{9AE9E1BB-2CF6-4216-85E9-257BA8B31EFC}.Release|iPhoneSimulator.ActiveCfg = Release|Any CPU
		{9AE9E1BB-2CF6-4216-85E9-257BA8B31EFC}.Release|iPhoneSimulator.Build.0 = Release|Any CPU
		{34721F80-46A9-44A6-997E-9C9013F31F6C}.Ad-Hoc|Any CPU.ActiveCfg = Release|Any CPU
		{34721F80-46A9-44A6-997E-9C9013F31F6C}.Ad-Hoc|Any CPU.Build.0 = Release|Any CPU
		{34721F80-46A9-44A6-997E-9C9013F31F6C}.Ad-Hoc|Any CPU.Deploy.0 = Release|Any CPU
		{34721F80-46A9-44A6-997E-9C9013F31F6C}.Ad-Hoc|iPhone.ActiveCfg = Release|Any CPU
		{34721F80-46A9-44A6-997E-9C9013F31F6C}.Ad-Hoc|iPhone.Build.0 = Release|Any CPU
		{34721F80-46A9-44A6-997E-9C9013F31F6C}.Ad-Hoc|iPhone.Deploy.0 = Release|Any CPU
		{34721F80-46A9-44A6-997E-9C9013F31F6C}.Ad-Hoc|iPhoneSimulator.ActiveCfg = Release|Any CPU
		{34721F80-46A9-44A6-997E-9C9013F31F6C}.Ad-Hoc|iPhoneSimulator.Build.0 = Release|Any CPU
		{34721F80-46A9-44A6-997E-9C9013F31F6C}.Ad-Hoc|iPhoneSimulator.Deploy.0 = Release|Any CPU
		{34721F80-46A9-44A6-997E-9C9013F31F6C}.AppStore|Any CPU.ActiveCfg = Release|Any CPU
		{34721F80-46A9-44A6-997E-9C9013F31F6C}.AppStore|Any CPU.Build.0 = Release|Any CPU
		{34721F80-46A9-44A6-997E-9C9013F31F6C}.AppStore|Any CPU.Deploy.0 = Release|Any CPU
		{34721F80-46A9-44A6-997E-9C9013F31F6C}.AppStore|iPhone.ActiveCfg = Release|Any CPU
		{34721F80-46A9-44A6-997E-9C9013F31F6C}.AppStore|iPhone.Build.0 = Release|Any CPU
		{34721F80-46A9-44A6-997E-9C9013F31F6C}.AppStore|iPhone.Deploy.0 = Release|Any CPU
		{34721F80-46A9-44A6-997E-9C9013F31F6C}.AppStore|iPhoneSimulator.ActiveCfg = Release|Any CPU
		{34721F80-46A9-44A6-997E-9C9013F31F6C}.AppStore|iPhoneSimulator.Build.0 = Release|Any CPU
		{34721F80-46A9-44A6-997E-9C9013F31F6C}.AppStore|iPhoneSimulator.Deploy.0 = Release|Any CPU
		{34721F80-46A9-44A6-997E-9C9013F31F6C}.Debug|Any CPU.ActiveCfg = Debug|Any CPU
		{34721F80-46A9-44A6-997E-9C9013F31F6C}.Debug|Any CPU.Build.0 = Debug|Any CPU
		{34721F80-46A9-44A6-997E-9C9013F31F6C}.Debug|Any CPU.Deploy.0 = Debug|Any CPU
		{34721F80-46A9-44A6-997E-9C9013F31F6C}.Debug|iPhone.ActiveCfg = Debug|Any CPU
		{34721F80-46A9-44A6-997E-9C9013F31F6C}.Debug|iPhone.Build.0 = Debug|Any CPU
		{34721F80-46A9-44A6-997E-9C9013F31F6C}.Debug|iPhone.Deploy.0 = Debug|Any CPU
		{34721F80-46A9-44A6-997E-9C9013F31F6C}.Debug|iPhoneSimulator.ActiveCfg = Debug|Any CPU
		{34721F80-46A9-44A6-997E-9C9013F31F6C}.Debug|iPhoneSimulator.Build.0 = Debug|Any CPU
		{34721F80-46A9-44A6-997E-9C9013F31F6C}.Debug|iPhoneSimulator.Deploy.0 = Debug|Any CPU
		{34721F80-46A9-44A6-997E-9C9013F31F6C}.Release|Any CPU.ActiveCfg = Release|Any CPU
		{34721F80-46A9-44A6-997E-9C9013F31F6C}.Release|Any CPU.Build.0 = Release|Any CPU
		{34721F80-46A9-44A6-997E-9C9013F31F6C}.Release|Any CPU.Deploy.0 = Release|Any CPU
		{34721F80-46A9-44A6-997E-9C9013F31F6C}.Release|iPhone.ActiveCfg = Release|Any CPU
		{34721F80-46A9-44A6-997E-9C9013F31F6C}.Release|iPhone.Build.0 = Release|Any CPU
		{34721F80-46A9-44A6-997E-9C9013F31F6C}.Release|iPhone.Deploy.0 = Release|Any CPU
		{34721F80-46A9-44A6-997E-9C9013F31F6C}.Release|iPhoneSimulator.ActiveCfg = Release|Any CPU
		{34721F80-46A9-44A6-997E-9C9013F31F6C}.Release|iPhoneSimulator.Build.0 = Release|Any CPU
		{34721F80-46A9-44A6-997E-9C9013F31F6C}.Release|iPhoneSimulator.Deploy.0 = Release|Any CPU
		{83AB34E4-60F5-4C0C-BA83-D244A51CE938}.Ad-Hoc|Any CPU.ActiveCfg = Ad-Hoc|iPhone
		{83AB34E4-60F5-4C0C-BA83-D244A51CE938}.Ad-Hoc|iPhone.ActiveCfg = Ad-Hoc|iPhone
		{83AB34E4-60F5-4C0C-BA83-D244A51CE938}.Ad-Hoc|iPhone.Build.0 = Ad-Hoc|iPhone
		{83AB34E4-60F5-4C0C-BA83-D244A51CE938}.Ad-Hoc|iPhoneSimulator.ActiveCfg = Ad-Hoc|iPhoneSimulator
		{83AB34E4-60F5-4C0C-BA83-D244A51CE938}.Ad-Hoc|iPhoneSimulator.Build.0 = Ad-Hoc|iPhoneSimulator
		{83AB34E4-60F5-4C0C-BA83-D244A51CE938}.AppStore|Any CPU.ActiveCfg = AppStore|iPhone
		{83AB34E4-60F5-4C0C-BA83-D244A51CE938}.AppStore|iPhone.ActiveCfg = AppStore|iPhone
		{83AB34E4-60F5-4C0C-BA83-D244A51CE938}.AppStore|iPhone.Build.0 = AppStore|iPhone
		{83AB34E4-60F5-4C0C-BA83-D244A51CE938}.AppStore|iPhoneSimulator.ActiveCfg = AppStore|iPhoneSimulator
		{83AB34E4-60F5-4C0C-BA83-D244A51CE938}.AppStore|iPhoneSimulator.Build.0 = AppStore|iPhoneSimulator
		{83AB34E4-60F5-4C0C-BA83-D244A51CE938}.Debug|Any CPU.ActiveCfg = Debug|iPhone
		{83AB34E4-60F5-4C0C-BA83-D244A51CE938}.Debug|iPhone.ActiveCfg = Debug|iPhone
		{83AB34E4-60F5-4C0C-BA83-D244A51CE938}.Debug|iPhone.Build.0 = Debug|iPhone
		{83AB34E4-60F5-4C0C-BA83-D244A51CE938}.Debug|iPhoneSimulator.ActiveCfg = Debug|iPhoneSimulator
		{83AB34E4-60F5-4C0C-BA83-D244A51CE938}.Debug|iPhoneSimulator.Build.0 = Debug|iPhoneSimulator
		{83AB34E4-60F5-4C0C-BA83-D244A51CE938}.Release|Any CPU.ActiveCfg = Release|iPhone
		{83AB34E4-60F5-4C0C-BA83-D244A51CE938}.Release|iPhone.ActiveCfg = Release|iPhone
		{83AB34E4-60F5-4C0C-BA83-D244A51CE938}.Release|iPhone.Build.0 = Release|iPhone
		{83AB34E4-60F5-4C0C-BA83-D244A51CE938}.Release|iPhoneSimulator.ActiveCfg = Release|iPhoneSimulator
		{83AB34E4-60F5-4C0C-BA83-D244A51CE938}.Release|iPhoneSimulator.Build.0 = Release|iPhoneSimulator
	EndGlobalSection
	GlobalSection(SolutionProperties) = preSolution
		HideSolutionNode = FALSE
	EndGlobalSection
	GlobalSection(ExtensibilityGlobals) = postSolution
		SolutionGuid = {8334F283-1AFC-4BEE-AF87-F52F994B1E3F}
	EndGlobalSection
EndGlobal
